// !$*UTF8*$!
{
	archiveVersion = 1;
	classes = {
	};
	objectVersion = 46;
	objects = {

/* Begin PBXBuildFile section */
		01E78A1A19284EA7BD0DEF08 /* Nunito-BlackItalic.ttf in Resources */ = {isa = PBXBuildFile; fileRef = 6B2B0F5B05DC4A02A288C2CF /* Nunito-BlackItalic.ttf */; };
		13B07FBC1A68108700A75B9A /* AppDelegate.m in Sources */ = {isa = PBXBuildFile; fileRef = 13B07FB01A68108700A75B9A /* AppDelegate.m */; };
		13B07FBF1A68108700A75B9A /* Images.xcassets in Resources */ = {isa = PBXBuildFile; fileRef = 13B07FB51A68108700A75B9A /* Images.xcassets */; };
		13B07FC11A68108700A75B9A /* main.m in Sources */ = {isa = PBXBuildFile; fileRef = 13B07FB71A68108700A75B9A /* main.m */; };
		22D182C260584D389CBC95F5 /* Nunito-Light.ttf in Resources */ = {isa = PBXBuildFile; fileRef = 05165F6036D446D3AE76DAAA /* Nunito-Light.ttf */; };
		2B9A3F318476487B960EA2A7 /* Nunito-SemiBold.ttf in Resources */ = {isa = PBXBuildFile; fileRef = 0A38FEF2549D4F32ACA4CC70 /* Nunito-SemiBold.ttf */; };
		2D02E4BC1E0B4A80006451C7 /* AppDelegate.m in Sources */ = {isa = PBXBuildFile; fileRef = 13B07FB01A68108700A75B9A /* AppDelegate.m */; };
		2D02E4BD1E0B4A84006451C7 /* Images.xcassets in Resources */ = {isa = PBXBuildFile; fileRef = 13B07FB51A68108700A75B9A /* Images.xcassets */; };
		2D02E4BF1E0B4AB3006451C7 /* main.m in Sources */ = {isa = PBXBuildFile; fileRef = 13B07FB71A68108700A75B9A /* main.m */; };
		430F06F91FA6EBC600710292 /* GoogleService-Info.plist in Resources */ = {isa = PBXBuildFile; fileRef = 430F06F81FA6EBC600710292 /* GoogleService-Info.plist */; };
		430F06FA1FA6EBC600710292 /* GoogleService-Info.plist in Resources */ = {isa = PBXBuildFile; fileRef = 430F06F81FA6EBC600710292 /* GoogleService-Info.plist */; };
		43E182441FB6D2A000A1C013 /* Feather.ttf in Resources */ = {isa = PBXBuildFile; fileRef = 43E182201FB6D2A000A1C013 /* Feather.ttf */; };
		43F609212015DE2100B83345 /* libRNFirebase.a in Frameworks */ = {isa = PBXBuildFile; fileRef = 43F609202015DDFD00B83345 /* libRNFirebase.a */; };
		43F8F07A200D521700367720 /* LaunchScreen.storyboard in Resources */ = {isa = PBXBuildFile; fileRef = 43F8F079200D521700367720 /* LaunchScreen.storyboard */; };
		49D8332F589A4902AE8FBB47 /* Nunito-ExtraLight.ttf in Resources */ = {isa = PBXBuildFile; fileRef = C374254EAE9C4DBB8C0E9EAD /* Nunito-ExtraLight.ttf */; };
		4C89842251F2477991F6F7E1 /* JosefinSlab-Regular.ttf in Resources */ = {isa = PBXBuildFile; fileRef = 90C22C1FABA2408D8FABAC72 /* JosefinSlab-Regular.ttf */; };
		51281FD7D20D4BFF986B5732 /* JosefinSlab-Thin.ttf in Resources */ = {isa = PBXBuildFile; fileRef = E0E62CCF99FD4163A01F851E /* JosefinSlab-Thin.ttf */; };
		583BB595DF08463B99849744 /* Nunito-Bold.ttf in Resources */ = {isa = PBXBuildFile; fileRef = ABF8C66F7B214BD391C22CE3 /* Nunito-Bold.ttf */; };
		65D1CEEC40FD4FD19F47D0F5 /* Feather.ttf in Resources */ = {isa = PBXBuildFile; fileRef = FC603DB006A142CBB7832FE9 /* Feather.ttf */; };
		6BED61BD527A419CB519DA60 /* Nunito-ExtraBold.ttf in Resources */ = {isa = PBXBuildFile; fileRef = 1F7809FB4AF542E0B45CF744 /* Nunito-ExtraBold.ttf */; };
		7159D827E19841EB98D38E7C /* Octicons.ttf in Resources */ = {isa = PBXBuildFile; fileRef = 8804A10AA4494F4380D04B02 /* Octicons.ttf */; };
		729473E95FD9488C97270117 /* JosefinSlab-BoldItalic.ttf in Resources */ = {isa = PBXBuildFile; fileRef = 9F406E1F7C5548AD8AEDEF4E /* JosefinSlab-BoldItalic.ttf */; };
		72D164879B7F4A0B982EBC61 /* Ionicons.ttf in Resources */ = {isa = PBXBuildFile; fileRef = E7E309726AB748589E4C56F2 /* Ionicons.ttf */; };
		84937D2EB1444DF0A9E0AA2C /* JosefinSlab-LightItalic.ttf in Resources */ = {isa = PBXBuildFile; fileRef = D2042008D34745359B5CE690 /* JosefinSlab-LightItalic.ttf */; };
		870FE9E75E4940188C637A4F /* Nunito-LightItalic.ttf in Resources */ = {isa = PBXBuildFile; fileRef = AF409F7882154C11B3BBEB70 /* Nunito-LightItalic.ttf */; };
		8E907611783742AD9D2A977E /* JosefinSlab-SemiBoldItalic.ttf in Resources */ = {isa = PBXBuildFile; fileRef = 68D95659EE994C2B9997958E /* JosefinSlab-SemiBoldItalic.ttf */; };
		90C6CFC7F9EB43B684D7955E /* Nunito-BoldItalic.ttf in Resources */ = {isa = PBXBuildFile; fileRef = C8CFF56F354D49C9A7066660 /* Nunito-BoldItalic.ttf */; };
		946373EF94364337B6481FC1 /* JosefinSlab-ThinItalic.ttf in Resources */ = {isa = PBXBuildFile; fileRef = 5DE73EC262894C729746E8F2 /* JosefinSlab-ThinItalic.ttf */; };
		956460A7790E4D4E81B66953 /* Zocial.ttf in Resources */ = {isa = PBXBuildFile; fileRef = 6F0CFFF416764ECF9FB585F0 /* Zocial.ttf */; };
		997D0493EBC24ED587811EB9 /* Foundation.ttf in Resources */ = {isa = PBXBuildFile; fileRef = 78ED50C8BC7C44F8BDA6D9A0 /* Foundation.ttf */; };
		9D4DA3FA2E4C4695ADD70844 /* JosefinSlab-SemiBold.ttf in Resources */ = {isa = PBXBuildFile; fileRef = DE1C0A3A4F6C4B27883BA16F /* JosefinSlab-SemiBold.ttf */; };
		9D951FA2A17240E382E15850 /* Nunito-Italic.ttf in Resources */ = {isa = PBXBuildFile; fileRef = 413488889E6C465CBAE70F7C /* Nunito-Italic.ttf */; };
		B53A9BB7590F44A29FCC4797 /* Nunito-Black.ttf in Resources */ = {isa = PBXBuildFile; fileRef = 753F73DEFF8F46618BA418BC /* Nunito-Black.ttf */; };
		B6C9AC9D07D84D5C999A6866 /* FontAwesome.ttf in Resources */ = {isa = PBXBuildFile; fileRef = 6EBB1688D55744789D11249F /* FontAwesome.ttf */; };
		B99B820158569C45DAE98E2C /* libPods-Homeroom.a in Frameworks */ = {isa = PBXBuildFile; fileRef = 43DD8C7920153A58000E5B3E /* libPods-Homeroom.a */; };
		B9B9E66EB1A042BCBA5A021D /* MaterialIcons.ttf in Resources */ = {isa = PBXBuildFile; fileRef = DF3E845FE28541A3A3A78034 /* MaterialIcons.ttf */; };
		B9ED52DEB755405782FE4A33 /* Nunito-ExtraBoldItalic.ttf in Resources */ = {isa = PBXBuildFile; fileRef = 6ECCED588B994FA2A12F4A83 /* Nunito-ExtraBoldItalic.ttf */; };
		CD2403338FFB4F208D40DC2E /* Entypo.ttf in Resources */ = {isa = PBXBuildFile; fileRef = 95F3B5A3A8344FDFA0F7DD07 /* Entypo.ttf */; };
		D19A86A8E88C408C92D11410 /* Nunito-Regular.ttf in Resources */ = {isa = PBXBuildFile; fileRef = 31EC61C6DEA64A63B7951E09 /* Nunito-Regular.ttf */; };
		D19D2DE9585B4FFA99D91095 /* Nunito-ExtraLightItalic.ttf in Resources */ = {isa = PBXBuildFile; fileRef = 6B800BFCB44A495097BDF8AA /* Nunito-ExtraLightItalic.ttf */; };
		D901FEB19C4746AFAF1A6620 /* JosefinSlab-Bold.ttf in Resources */ = {isa = PBXBuildFile; fileRef = 2DD82EB0B7A94C4A896391D6 /* JosefinSlab-Bold.ttf */; };
		E0192B6DFF7A4993BE8F2D36 /* SimpleLineIcons.ttf in Resources */ = {isa = PBXBuildFile; fileRef = A0EEDF5AEBA64EF2A70D2436 /* SimpleLineIcons.ttf */; };
		EBFD4F2DCED8443793F21906 /* JosefinSlab-Light.ttf in Resources */ = {isa = PBXBuildFile; fileRef = CE915D1D87C649BD9DE82DD7 /* JosefinSlab-Light.ttf */; };
		ED58401F9436499E8EA2510E /* MaterialCommunityIcons.ttf in Resources */ = {isa = PBXBuildFile; fileRef = 6D838043B83F433FBE884359 /* MaterialCommunityIcons.ttf */; };
		EE56ECC1F83B4BCAA9112C38 /* EvilIcons.ttf in Resources */ = {isa = PBXBuildFile; fileRef = 3C00C96B774D4EE39703ED07 /* EvilIcons.ttf */; };
		F4D82E8115AE4BA2A703D220 /* Nunito-SemiBoldItalic.ttf in Resources */ = {isa = PBXBuildFile; fileRef = AFF8E5697F8340979EE32257 /* Nunito-SemiBoldItalic.ttf */; };
		F7B659BB26F24179A2E4A88F /* JosefinSlab-Italic.ttf in Resources */ = {isa = PBXBuildFile; fileRef = 9412A04C3F794484AD4A77E8 /* JosefinSlab-Italic.ttf */; };
/* End PBXBuildFile section */

/* Begin PBXContainerItemProxy section */
		00E356F41AD99517003FC87E /* PBXContainerItemProxy */ = {
			isa = PBXContainerItemProxy;
			containerPortal = 83CBB9F71A601CBA00E9B192 /* Project object */;
			proxyType = 1;
			remoteGlobalIDString = 13B07F861A680F5B00A75B9A;
			remoteInfo = Homeroom;
		};
		2D02E4911E0B4A5D006451C7 /* PBXContainerItemProxy */ = {
			isa = PBXContainerItemProxy;
			containerPortal = 83CBB9F71A601CBA00E9B192 /* Project object */;
			proxyType = 1;
			remoteGlobalIDString = 2D02E47A1E0B4A5D006451C7;
			remoteInfo = "Homeroom-tvOS";
		};
		43F6091F2015DDFD00B83345 /* PBXContainerItemProxy */ = {
			isa = PBXContainerItemProxy;
			containerPortal = FFA9F127E8704EF78DF471B5 /* RNFirebase.xcodeproj */;
			proxyType = 2;
			remoteGlobalIDString = 134814201AA4EA6300B7C361;
			remoteInfo = RNFirebase;
		};
/* End PBXContainerItemProxy section */

/* Begin PBXFileReference section */
		008F07F21AC5B25A0029DE68 /* main.jsbundle */ = {isa = PBXFileReference; fileEncoding = 4; lastKnownFileType = text; path = main.jsbundle; sourceTree = "<group>"; };
		00E356EE1AD99517003FC87E /* HomeroomTests.xctest */ = {isa = PBXFileReference; explicitFileType = wrapper.cfbundle; includeInIndex = 0; path = HomeroomTests.xctest; sourceTree = BUILT_PRODUCTS_DIR; };
		05165F6036D446D3AE76DAAA /* Nunito-Light.ttf */ = {isa = PBXFileReference; explicitFileType = undefined; fileEncoding = 9; includeInIndex = 0; lastKnownFileType = unknown; name = "Nunito-Light.ttf"; path = "../App/Assets/Fonts/Nunito-Light.ttf"; sourceTree = "<group>"; };
		0A38FEF2549D4F32ACA4CC70 /* Nunito-SemiBold.ttf */ = {isa = PBXFileReference; explicitFileType = undefined; fileEncoding = 9; includeInIndex = 0; lastKnownFileType = unknown; name = "Nunito-SemiBold.ttf"; path = "../App/Assets/Fonts/Nunito-SemiBold.ttf"; sourceTree = "<group>"; };
		13B07F961A680F5B00A75B9A /* Homeroom.app */ = {isa = PBXFileReference; explicitFileType = wrapper.application; includeInIndex = 0; path = Homeroom.app; sourceTree = BUILT_PRODUCTS_DIR; };
		13B07FAF1A68108700A75B9A /* AppDelegate.h */ = {isa = PBXFileReference; fileEncoding = 4; lastKnownFileType = sourcecode.c.h; name = AppDelegate.h; path = Homeroom/AppDelegate.h; sourceTree = "<group>"; };
		13B07FB01A68108700A75B9A /* AppDelegate.m */ = {isa = PBXFileReference; fileEncoding = 4; lastKnownFileType = sourcecode.c.objc; name = AppDelegate.m; path = Homeroom/AppDelegate.m; sourceTree = "<group>"; };
		13B07FB51A68108700A75B9A /* Images.xcassets */ = {isa = PBXFileReference; lastKnownFileType = folder.assetcatalog; name = Images.xcassets; path = Homeroom/Images.xcassets; sourceTree = "<group>"; };
		13B07FB61A68108700A75B9A /* Info.plist */ = {isa = PBXFileReference; fileEncoding = 4; lastKnownFileType = text.plist.xml; name = Info.plist; path = Homeroom/Info.plist; sourceTree = "<group>"; };
		13B07FB71A68108700A75B9A /* main.m */ = {isa = PBXFileReference; fileEncoding = 4; lastKnownFileType = sourcecode.c.objc; name = main.m; path = Homeroom/main.m; sourceTree = "<group>"; };
		1F7809FB4AF542E0B45CF744 /* Nunito-ExtraBold.ttf */ = {isa = PBXFileReference; explicitFileType = undefined; fileEncoding = 9; includeInIndex = 0; lastKnownFileType = unknown; name = "Nunito-ExtraBold.ttf"; path = "../App/Assets/Fonts/Nunito-ExtraBold.ttf"; sourceTree = "<group>"; };
		2D02E47B1E0B4A5D006451C7 /* Homeroom-tvOS.app */ = {isa = PBXFileReference; explicitFileType = wrapper.application; includeInIndex = 0; path = "Homeroom-tvOS.app"; sourceTree = BUILT_PRODUCTS_DIR; };
		2D02E4901E0B4A5D006451C7 /* Homeroom-tvOSTests.xctest */ = {isa = PBXFileReference; explicitFileType = wrapper.cfbundle; includeInIndex = 0; path = "Homeroom-tvOSTests.xctest"; sourceTree = BUILT_PRODUCTS_DIR; };
		2DD82EB0B7A94C4A896391D6 /* JosefinSlab-Bold.ttf */ = {isa = PBXFileReference; explicitFileType = undefined; fileEncoding = 9; includeInIndex = 0; lastKnownFileType = unknown; name = "JosefinSlab-Bold.ttf"; path = "../App/Assets/Fonts/JosefinSlab-Bold.ttf"; sourceTree = "<group>"; };
		31EC61C6DEA64A63B7951E09 /* Nunito-Regular.ttf */ = {isa = PBXFileReference; explicitFileType = undefined; fileEncoding = 9; includeInIndex = 0; lastKnownFileType = unknown; name = "Nunito-Regular.ttf"; path = "../App/Assets/Fonts/Nunito-Regular.ttf"; sourceTree = "<group>"; };
		3C00C96B774D4EE39703ED07 /* EvilIcons.ttf */ = {isa = PBXFileReference; explicitFileType = undefined; fileEncoding = 9; includeInIndex = 0; lastKnownFileType = unknown; name = EvilIcons.ttf; path = "../node_modules/react-native-vector-icons/Fonts/EvilIcons.ttf"; sourceTree = "<group>"; };
		413488889E6C465CBAE70F7C /* Nunito-Italic.ttf */ = {isa = PBXFileReference; explicitFileType = undefined; fileEncoding = 9; includeInIndex = 0; lastKnownFileType = unknown; name = "Nunito-Italic.ttf"; path = "../App/Assets/Fonts/Nunito-Italic.ttf"; sourceTree = "<group>"; };
		430F06F81FA6EBC600710292 /* GoogleService-Info.plist */ = {isa = PBXFileReference; fileEncoding = 4; lastKnownFileType = text.plist.xml; path = "GoogleService-Info.plist"; sourceTree = "<group>"; };
		4368E519200416CE00C10EBE /* libCodePush.a */ = {isa = PBXFileReference; explicitFileType = archive.ar; path = libCodePush.a; sourceTree = BUILT_PRODUCTS_DIR; };
		4368E51A200416CE00C10EBE /* libDoubleConversion.a */ = {isa = PBXFileReference; explicitFileType = archive.ar; path = libDoubleConversion.a; sourceTree = BUILT_PRODUCTS_DIR; };
		4368E51B200416CE00C10EBE /* libFolly.a */ = {isa = PBXFileReference; explicitFileType = archive.ar; path = libFolly.a; sourceTree = BUILT_PRODUCTS_DIR; };
		4368E51C200416CE00C10EBE /* libGLog.a */ = {isa = PBXFileReference; explicitFileType = archive.ar; path = libGLog.a; sourceTree = BUILT_PRODUCTS_DIR; };
		4368E51D200416CE00C10EBE /* libGoogleToolboxForMac.a */ = {isa = PBXFileReference; explicitFileType = archive.ar; path = libGoogleToolboxForMac.a; sourceTree = BUILT_PRODUCTS_DIR; };
		4368E51E200416CE00C10EBE /* libGTMSessionFetcher.a */ = {isa = PBXFileReference; explicitFileType = archive.ar; path = libGTMSessionFetcher.a; sourceTree = BUILT_PRODUCTS_DIR; };
		4368E51F200416CE00C10EBE /* libleveldb-library.a */ = {isa = PBXFileReference; explicitFileType = archive.ar; path = "libleveldb-library.a"; sourceTree = BUILT_PRODUCTS_DIR; };
		4368E520200416CE00C10EBE /* libnanopb.a */ = {isa = PBXFileReference; explicitFileType = archive.ar; path = libnanopb.a; sourceTree = BUILT_PRODUCTS_DIR; };
		4368E521200416CE00C10EBE /* libProtobuf.a */ = {isa = PBXFileReference; explicitFileType = archive.ar; path = libProtobuf.a; sourceTree = BUILT_PRODUCTS_DIR; };
		4368E522200416CE00C10EBE /* libreact-native-mail.a */ = {isa = PBXFileReference; explicitFileType = archive.ar; path = "libreact-native-mail.a"; sourceTree = BUILT_PRODUCTS_DIR; };
		4368E523200416CE00C10EBE /* libreact-native-video.a */ = {isa = PBXFileReference; explicitFileType = archive.ar; path = "libreact-native-video.a"; sourceTree = BUILT_PRODUCTS_DIR; };
		4368E524200416CE00C10EBE /* libReact.a */ = {isa = PBXFileReference; explicitFileType = archive.ar; path = libReact.a; sourceTree = BUILT_PRODUCTS_DIR; };
		4368E525200416CE00C10EBE /* libRNFirebase.a */ = {isa = PBXFileReference; explicitFileType = archive.ar; path = libRNFirebase.a; sourceTree = BUILT_PRODUCTS_DIR; };
		4368E526200416CE00C10EBE /* libRNVectorIcons.a */ = {isa = PBXFileReference; explicitFileType = archive.ar; path = libRNVectorIcons.a; sourceTree = BUILT_PRODUCTS_DIR; };
		4368E527200416CE00C10EBE /* libyoga.a */ = {isa = PBXFileReference; explicitFileType = archive.ar; path = libyoga.a; sourceTree = BUILT_PRODUCTS_DIR; };
		43DD8C7920153A58000E5B3E /* libPods-Homeroom.a */ = {isa = PBXFileReference; explicitFileType = archive.ar; path = "libPods-Homeroom.a"; sourceTree = BUILT_PRODUCTS_DIR; };
		43E182201FB6D2A000A1C013 /* Feather.ttf */ = {isa = PBXFileReference; lastKnownFileType = file; path = Feather.ttf; sourceTree = "<group>"; };
		43F609282015DF0200B83345 /* libCodePush.a */ = {isa = PBXFileReference; explicitFileType = archive.ar; path = libCodePush.a; sourceTree = BUILT_PRODUCTS_DIR; };
		43F609292015DF0200B83345 /* libreact-native-mail.a */ = {isa = PBXFileReference; explicitFileType = archive.ar; path = "libreact-native-mail.a"; sourceTree = BUILT_PRODUCTS_DIR; };
		43F6092A2015DF0200B83345 /* libreact-native-video.a */ = {isa = PBXFileReference; explicitFileType = archive.ar; path = "libreact-native-video.a"; sourceTree = BUILT_PRODUCTS_DIR; };
		43F6092B2015DF0200B83345 /* libReact.a */ = {isa = PBXFileReference; explicitFileType = archive.ar; path = libReact.a; sourceTree = BUILT_PRODUCTS_DIR; };
		43F6092C2015DF0200B83345 /* libRNDeviceInfo.a */ = {isa = PBXFileReference; explicitFileType = archive.ar; path = libRNDeviceInfo.a; sourceTree = BUILT_PRODUCTS_DIR; };
		43F6092D2015DF0200B83345 /* libRNVectorIcons.a */ = {isa = PBXFileReference; explicitFileType = archive.ar; path = libRNVectorIcons.a; sourceTree = BUILT_PRODUCTS_DIR; };
		43F8F079200D521700367720 /* LaunchScreen.storyboard */ = {isa = PBXFileReference; lastKnownFileType = file.storyboard; path = LaunchScreen.storyboard; sourceTree = "<group>"; };
		5DE73EC262894C729746E8F2 /* JosefinSlab-ThinItalic.ttf */ = {isa = PBXFileReference; explicitFileType = undefined; fileEncoding = 9; includeInIndex = 0; lastKnownFileType = unknown; name = "JosefinSlab-ThinItalic.ttf"; path = "../App/Assets/Fonts/JosefinSlab-ThinItalic.ttf"; sourceTree = "<group>"; };
		68D95659EE994C2B9997958E /* JosefinSlab-SemiBoldItalic.ttf */ = {isa = PBXFileReference; explicitFileType = undefined; fileEncoding = 9; includeInIndex = 0; lastKnownFileType = unknown; name = "JosefinSlab-SemiBoldItalic.ttf"; path = "../App/Assets/Fonts/JosefinSlab-SemiBoldItalic.ttf"; sourceTree = "<group>"; };
		6B2B0F5B05DC4A02A288C2CF /* Nunito-BlackItalic.ttf */ = {isa = PBXFileReference; explicitFileType = undefined; fileEncoding = 9; includeInIndex = 0; lastKnownFileType = unknown; name = "Nunito-BlackItalic.ttf"; path = "../App/Assets/Fonts/Nunito-BlackItalic.ttf"; sourceTree = "<group>"; };
		6B800BFCB44A495097BDF8AA /* Nunito-ExtraLightItalic.ttf */ = {isa = PBXFileReference; explicitFileType = undefined; fileEncoding = 9; includeInIndex = 0; lastKnownFileType = unknown; name = "Nunito-ExtraLightItalic.ttf"; path = "../App/Assets/Fonts/Nunito-ExtraLightItalic.ttf"; sourceTree = "<group>"; };
		6D838043B83F433FBE884359 /* MaterialCommunityIcons.ttf */ = {isa = PBXFileReference; explicitFileType = undefined; fileEncoding = 9; includeInIndex = 0; lastKnownFileType = unknown; name = MaterialCommunityIcons.ttf; path = "../node_modules/react-native-vector-icons/Fonts/MaterialCommunityIcons.ttf"; sourceTree = "<group>"; };
		6EBB1688D55744789D11249F /* FontAwesome.ttf */ = {isa = PBXFileReference; explicitFileType = undefined; fileEncoding = 9; includeInIndex = 0; lastKnownFileType = unknown; name = FontAwesome.ttf; path = "../node_modules/react-native-vector-icons/Fonts/FontAwesome.ttf"; sourceTree = "<group>"; };
		6ECCED588B994FA2A12F4A83 /* Nunito-ExtraBoldItalic.ttf */ = {isa = PBXFileReference; explicitFileType = undefined; fileEncoding = 9; includeInIndex = 0; lastKnownFileType = unknown; name = "Nunito-ExtraBoldItalic.ttf"; path = "../App/Assets/Fonts/Nunito-ExtraBoldItalic.ttf"; sourceTree = "<group>"; };
		6F0CFFF416764ECF9FB585F0 /* Zocial.ttf */ = {isa = PBXFileReference; explicitFileType = undefined; fileEncoding = 9; includeInIndex = 0; lastKnownFileType = unknown; name = Zocial.ttf; path = "../node_modules/react-native-vector-icons/Fonts/Zocial.ttf"; sourceTree = "<group>"; };
		753F73DEFF8F46618BA418BC /* Nunito-Black.ttf */ = {isa = PBXFileReference; explicitFileType = undefined; fileEncoding = 9; includeInIndex = 0; lastKnownFileType = unknown; name = "Nunito-Black.ttf"; path = "../App/Assets/Fonts/Nunito-Black.ttf"; sourceTree = "<group>"; };
		78ED50C8BC7C44F8BDA6D9A0 /* Foundation.ttf */ = {isa = PBXFileReference; explicitFileType = undefined; fileEncoding = 9; includeInIndex = 0; lastKnownFileType = unknown; name = Foundation.ttf; path = "../node_modules/react-native-vector-icons/Fonts/Foundation.ttf"; sourceTree = "<group>"; };
		8804A10AA4494F4380D04B02 /* Octicons.ttf */ = {isa = PBXFileReference; explicitFileType = undefined; fileEncoding = 9; includeInIndex = 0; lastKnownFileType = unknown; name = Octicons.ttf; path = "../node_modules/react-native-vector-icons/Fonts/Octicons.ttf"; sourceTree = "<group>"; };
		90C22C1FABA2408D8FABAC72 /* JosefinSlab-Regular.ttf */ = {isa = PBXFileReference; explicitFileType = undefined; fileEncoding = 9; includeInIndex = 0; lastKnownFileType = unknown; name = "JosefinSlab-Regular.ttf"; path = "../App/Assets/Fonts/JosefinSlab-Regular.ttf"; sourceTree = "<group>"; };
		9412A04C3F794484AD4A77E8 /* JosefinSlab-Italic.ttf */ = {isa = PBXFileReference; explicitFileType = undefined; fileEncoding = 9; includeInIndex = 0; lastKnownFileType = unknown; name = "JosefinSlab-Italic.ttf"; path = "../App/Assets/Fonts/JosefinSlab-Italic.ttf"; sourceTree = "<group>"; };
		95F3B5A3A8344FDFA0F7DD07 /* Entypo.ttf */ = {isa = PBXFileReference; explicitFileType = undefined; fileEncoding = 9; includeInIndex = 0; lastKnownFileType = unknown; name = Entypo.ttf; path = "../node_modules/react-native-vector-icons/Fonts/Entypo.ttf"; sourceTree = "<group>"; };
		9F406E1F7C5548AD8AEDEF4E /* JosefinSlab-BoldItalic.ttf */ = {isa = PBXFileReference; explicitFileType = undefined; fileEncoding = 9; includeInIndex = 0; lastKnownFileType = unknown; name = "JosefinSlab-BoldItalic.ttf"; path = "../App/Assets/Fonts/JosefinSlab-BoldItalic.ttf"; sourceTree = "<group>"; };
		A0530D22F023463FB9F53AA4 /* libRNVectorIcons.a */ = {isa = PBXFileReference; explicitFileType = undefined; fileEncoding = 9; includeInIndex = 0; lastKnownFileType = archive.ar; path = libRNVectorIcons.a; sourceTree = "<group>"; };
		A0EEDF5AEBA64EF2A70D2436 /* SimpleLineIcons.ttf */ = {isa = PBXFileReference; explicitFileType = undefined; fileEncoding = 9; includeInIndex = 0; lastKnownFileType = unknown; name = SimpleLineIcons.ttf; path = "../node_modules/react-native-vector-icons/Fonts/SimpleLineIcons.ttf"; sourceTree = "<group>"; };
		A30C174250858A76A7990949 /* Pods-Homeroom.debug.xcconfig */ = {isa = PBXFileReference; includeInIndex = 1; lastKnownFileType = text.xcconfig; name = "Pods-Homeroom.debug.xcconfig"; path = "Pods/Target Support Files/Pods-Homeroom/Pods-Homeroom.debug.xcconfig"; sourceTree = "<group>"; };
		AA694887B2064C888D1A0DC1 /* libz.tbd */ = {isa = PBXFileReference; explicitFileType = undefined; fileEncoding = 9; includeInIndex = 0; lastKnownFileType = "sourcecode.text-based-dylib-definition"; name = libz.tbd; path = usr/lib/libz.tbd; sourceTree = SDKROOT; };
		ABF8C66F7B214BD391C22CE3 /* Nunito-Bold.ttf */ = {isa = PBXFileReference; explicitFileType = undefined; fileEncoding = 9; includeInIndex = 0; lastKnownFileType = unknown; name = "Nunito-Bold.ttf"; path = "../App/Assets/Fonts/Nunito-Bold.ttf"; sourceTree = "<group>"; };
		AF409F7882154C11B3BBEB70 /* Nunito-LightItalic.ttf */ = {isa = PBXFileReference; explicitFileType = undefined; fileEncoding = 9; includeInIndex = 0; lastKnownFileType = unknown; name = "Nunito-LightItalic.ttf"; path = "../App/Assets/Fonts/Nunito-LightItalic.ttf"; sourceTree = "<group>"; };
		AFF8E5697F8340979EE32257 /* Nunito-SemiBoldItalic.ttf */ = {isa = PBXFileReference; explicitFileType = undefined; fileEncoding = 9; includeInIndex = 0; lastKnownFileType = unknown; name = "Nunito-SemiBoldItalic.ttf"; path = "../App/Assets/Fonts/Nunito-SemiBoldItalic.ttf"; sourceTree = "<group>"; };
		B7AA00E9C4904868842F1F6F /* libCodePush.a */ = {isa = PBXFileReference; explicitFileType = undefined; fileEncoding = 9; includeInIndex = 0; lastKnownFileType = archive.ar; path = libCodePush.a; sourceTree = "<group>"; };
		BE9B3ED0B60E48B4B79D21F9 /* libRNMail.a */ = {isa = PBXFileReference; explicitFileType = undefined; fileEncoding = 9; includeInIndex = 0; lastKnownFileType = archive.ar; path = libRNMail.a; sourceTree = "<group>"; };
		C374254EAE9C4DBB8C0E9EAD /* Nunito-ExtraLight.ttf */ = {isa = PBXFileReference; explicitFileType = undefined; fileEncoding = 9; includeInIndex = 0; lastKnownFileType = unknown; name = "Nunito-ExtraLight.ttf"; path = "../App/Assets/Fonts/Nunito-ExtraLight.ttf"; sourceTree = "<group>"; };
		C5D56E2CE997454AB26EAA22 /* libRNFirebase.a */ = {isa = PBXFileReference; explicitFileType = undefined; fileEncoding = 9; includeInIndex = 0; lastKnownFileType = archive.ar; path = libRNFirebase.a; sourceTree = "<group>"; };
		C8CFF56F354D49C9A7066660 /* Nunito-BoldItalic.ttf */ = {isa = PBXFileReference; explicitFileType = undefined; fileEncoding = 9; includeInIndex = 0; lastKnownFileType = unknown; name = "Nunito-BoldItalic.ttf"; path = "../App/Assets/Fonts/Nunito-BoldItalic.ttf"; sourceTree = "<group>"; };
		CE915D1D87C649BD9DE82DD7 /* JosefinSlab-Light.ttf */ = {isa = PBXFileReference; explicitFileType = undefined; fileEncoding = 9; includeInIndex = 0; lastKnownFileType = unknown; name = "JosefinSlab-Light.ttf"; path = "../App/Assets/Fonts/JosefinSlab-Light.ttf"; sourceTree = "<group>"; };
		D2042008D34745359B5CE690 /* JosefinSlab-LightItalic.ttf */ = {isa = PBXFileReference; explicitFileType = undefined; fileEncoding = 9; includeInIndex = 0; lastKnownFileType = unknown; name = "JosefinSlab-LightItalic.ttf"; path = "../App/Assets/Fonts/JosefinSlab-LightItalic.ttf"; sourceTree = "<group>"; };
		DA0A7B161026AA49E498FFC7 /* Pods-Homeroom.release.xcconfig */ = {isa = PBXFileReference; includeInIndex = 1; lastKnownFileType = text.xcconfig; name = "Pods-Homeroom.release.xcconfig"; path = "Pods/Target Support Files/Pods-Homeroom/Pods-Homeroom.release.xcconfig"; sourceTree = "<group>"; };
		DE1C0A3A4F6C4B27883BA16F /* JosefinSlab-SemiBold.ttf */ = {isa = PBXFileReference; explicitFileType = undefined; fileEncoding = 9; includeInIndex = 0; lastKnownFileType = unknown; name = "JosefinSlab-SemiBold.ttf"; path = "../App/Assets/Fonts/JosefinSlab-SemiBold.ttf"; sourceTree = "<group>"; };
		DEA9F007CAB259FFFF0E0C14 /* libPods-Homeroom.a */ = {isa = PBXFileReference; explicitFileType = archive.ar; includeInIndex = 0; path = "libPods-Homeroom.a"; sourceTree = BUILT_PRODUCTS_DIR; };
		DF3E845FE28541A3A3A78034 /* MaterialIcons.ttf */ = {isa = PBXFileReference; explicitFileType = undefined; fileEncoding = 9; includeInIndex = 0; lastKnownFileType = unknown; name = MaterialIcons.ttf; path = "../node_modules/react-native-vector-icons/Fonts/MaterialIcons.ttf"; sourceTree = "<group>"; };
		E0E62CCF99FD4163A01F851E /* JosefinSlab-Thin.ttf */ = {isa = PBXFileReference; explicitFileType = undefined; fileEncoding = 9; includeInIndex = 0; lastKnownFileType = unknown; name = "JosefinSlab-Thin.ttf"; path = "../App/Assets/Fonts/JosefinSlab-Thin.ttf"; sourceTree = "<group>"; };
		E7E309726AB748589E4C56F2 /* Ionicons.ttf */ = {isa = PBXFileReference; explicitFileType = undefined; fileEncoding = 9; includeInIndex = 0; lastKnownFileType = unknown; name = Ionicons.ttf; path = "../node_modules/react-native-vector-icons/Fonts/Ionicons.ttf"; sourceTree = "<group>"; };
		FC603DB006A142CBB7832FE9 /* Feather.ttf */ = {isa = PBXFileReference; explicitFileType = undefined; fileEncoding = 9; includeInIndex = 0; lastKnownFileType = unknown; name = Feather.ttf; path = "../node_modules/react-native-vector-icons/Fonts/Feather.ttf"; sourceTree = "<group>"; };
		FFA9F127E8704EF78DF471B5 /* RNFirebase.xcodeproj */ = {isa = PBXFileReference; explicitFileType = undefined; fileEncoding = 9; includeInIndex = 0; lastKnownFileType = "wrapper.pb-project"; name = RNFirebase.xcodeproj; path = "../node_modules/react-native-firebase/ios/RNFirebase.xcodeproj"; sourceTree = "<group>"; };
/* End PBXFileReference section */

/* Begin PBXFrameworksBuildPhase section */
		00E356EB1AD99517003FC87E /* Frameworks */ = {
			isa = PBXFrameworksBuildPhase;
			buildActionMask = 2147483647;
			files = (
			);
			runOnlyForDeploymentPostprocessing = 0;
		};
		13B07F8C1A680F5B00A75B9A /* Frameworks */ = {
			isa = PBXFrameworksBuildPhase;
			buildActionMask = 2147483647;
			files = (
				B99B820158569C45DAE98E2C /* libPods-Homeroom.a in Frameworks */,
				43F609212015DE2100B83345 /* libRNFirebase.a in Frameworks */,
			);
			runOnlyForDeploymentPostprocessing = 0;
		};
		2D02E4781E0B4A5D006451C7 /* Frameworks */ = {
			isa = PBXFrameworksBuildPhase;
			buildActionMask = 2147483647;
			files = (
			);
			runOnlyForDeploymentPostprocessing = 0;
		};
		2D02E48D1E0B4A5D006451C7 /* Frameworks */ = {
			isa = PBXFrameworksBuildPhase;
			buildActionMask = 2147483647;
			files = (
			);
			runOnlyForDeploymentPostprocessing = 0;
		};
/* End PBXFrameworksBuildPhase section */

/* Begin PBXGroup section */
		13B07FAE1A68108700A75B9A /* Homeroom */ = {
			isa = PBXGroup;
			children = (
				430F06F81FA6EBC600710292 /* GoogleService-Info.plist */,
				008F07F21AC5B25A0029DE68 /* main.jsbundle */,
				13B07FAF1A68108700A75B9A /* AppDelegate.h */,
				13B07FB01A68108700A75B9A /* AppDelegate.m */,
				13B07FB51A68108700A75B9A /* Images.xcassets */,
				13B07FB61A68108700A75B9A /* Info.plist */,
				13B07FB71A68108700A75B9A /* main.m */,
				43F8F079200D521700367720 /* LaunchScreen.storyboard */,
			);
			name = Homeroom;
			sourceTree = "<group>";
		};
		18E154D4484B4959897B9A03 /* Resources */ = {
			isa = PBXGroup;
			children = (
				95F3B5A3A8344FDFA0F7DD07 /* Entypo.ttf */,
				3C00C96B774D4EE39703ED07 /* EvilIcons.ttf */,
				6EBB1688D55744789D11249F /* FontAwesome.ttf */,
				78ED50C8BC7C44F8BDA6D9A0 /* Foundation.ttf */,
				43E182201FB6D2A000A1C013 /* Feather.ttf */,
				E7E309726AB748589E4C56F2 /* Ionicons.ttf */,
				6D838043B83F433FBE884359 /* MaterialCommunityIcons.ttf */,
				DF3E845FE28541A3A3A78034 /* MaterialIcons.ttf */,
				8804A10AA4494F4380D04B02 /* Octicons.ttf */,
				A0EEDF5AEBA64EF2A70D2436 /* SimpleLineIcons.ttf */,
				6F0CFFF416764ECF9FB585F0 /* Zocial.ttf */,
				FC603DB006A142CBB7832FE9 /* Feather.ttf */,
				2DD82EB0B7A94C4A896391D6 /* JosefinSlab-Bold.ttf */,
				9F406E1F7C5548AD8AEDEF4E /* JosefinSlab-BoldItalic.ttf */,
				9412A04C3F794484AD4A77E8 /* JosefinSlab-Italic.ttf */,
				CE915D1D87C649BD9DE82DD7 /* JosefinSlab-Light.ttf */,
				D2042008D34745359B5CE690 /* JosefinSlab-LightItalic.ttf */,
				90C22C1FABA2408D8FABAC72 /* JosefinSlab-Regular.ttf */,
				DE1C0A3A4F6C4B27883BA16F /* JosefinSlab-SemiBold.ttf */,
				68D95659EE994C2B9997958E /* JosefinSlab-SemiBoldItalic.ttf */,
				E0E62CCF99FD4163A01F851E /* JosefinSlab-Thin.ttf */,
				5DE73EC262894C729746E8F2 /* JosefinSlab-ThinItalic.ttf */,
				753F73DEFF8F46618BA418BC /* Nunito-Black.ttf */,
				6B2B0F5B05DC4A02A288C2CF /* Nunito-BlackItalic.ttf */,
				ABF8C66F7B214BD391C22CE3 /* Nunito-Bold.ttf */,
				C8CFF56F354D49C9A7066660 /* Nunito-BoldItalic.ttf */,
				1F7809FB4AF542E0B45CF744 /* Nunito-ExtraBold.ttf */,
				6ECCED588B994FA2A12F4A83 /* Nunito-ExtraBoldItalic.ttf */,
				C374254EAE9C4DBB8C0E9EAD /* Nunito-ExtraLight.ttf */,
				6B800BFCB44A495097BDF8AA /* Nunito-ExtraLightItalic.ttf */,
				413488889E6C465CBAE70F7C /* Nunito-Italic.ttf */,
				05165F6036D446D3AE76DAAA /* Nunito-Light.ttf */,
				AF409F7882154C11B3BBEB70 /* Nunito-LightItalic.ttf */,
				31EC61C6DEA64A63B7951E09 /* Nunito-Regular.ttf */,
				0A38FEF2549D4F32ACA4CC70 /* Nunito-SemiBold.ttf */,
				AFF8E5697F8340979EE32257 /* Nunito-SemiBoldItalic.ttf */,
			);
			name = Resources;
			sourceTree = "<group>";
		};
		22960D9AAB0367F1DD9DE00E /* Frameworks */ = {
			isa = PBXGroup;
			children = (
				43F609282015DF0200B83345 /* libCodePush.a */,
				43F609292015DF0200B83345 /* libreact-native-mail.a */,
				43F6092A2015DF0200B83345 /* libreact-native-video.a */,
				43F6092B2015DF0200B83345 /* libReact.a */,
				43F6092C2015DF0200B83345 /* libRNDeviceInfo.a */,
				43F6092D2015DF0200B83345 /* libRNVectorIcons.a */,
				43DD8C7920153A58000E5B3E /* libPods-Homeroom.a */,
				4368E519200416CE00C10EBE /* libCodePush.a */,
				4368E51A200416CE00C10EBE /* libDoubleConversion.a */,
				4368E51B200416CE00C10EBE /* libFolly.a */,
				4368E51C200416CE00C10EBE /* libGLog.a */,
				4368E51D200416CE00C10EBE /* libGoogleToolboxForMac.a */,
				4368E51E200416CE00C10EBE /* libGTMSessionFetcher.a */,
				4368E51F200416CE00C10EBE /* libleveldb-library.a */,
				4368E520200416CE00C10EBE /* libnanopb.a */,
				4368E521200416CE00C10EBE /* libProtobuf.a */,
				4368E522200416CE00C10EBE /* libreact-native-mail.a */,
				4368E523200416CE00C10EBE /* libreact-native-video.a */,
				4368E524200416CE00C10EBE /* libReact.a */,
				4368E525200416CE00C10EBE /* libRNFirebase.a */,
				4368E526200416CE00C10EBE /* libRNVectorIcons.a */,
				4368E527200416CE00C10EBE /* libyoga.a */,
				DEA9F007CAB259FFFF0E0C14 /* libPods-Homeroom.a */,
				AA694887B2064C888D1A0DC1 /* libz.tbd */,
			);
			name = Frameworks;
			sourceTree = "<group>";
		};
		430F06D71FA6EBA000710292 /* Recovered References */ = {
			isa = PBXGroup;
			children = (
				A0530D22F023463FB9F53AA4 /* libRNVectorIcons.a */,
				C5D56E2CE997454AB26EAA22 /* libRNFirebase.a */,
				BE9B3ED0B60E48B4B79D21F9 /* libRNMail.a */,
				B7AA00E9C4904868842F1F6F /* libCodePush.a */,
			);
			name = "Recovered References";
			sourceTree = "<group>";
		};
		43F6091C2015DDFD00B83345 /* Products */ = {
			isa = PBXGroup;
			children = (
				43F609202015DDFD00B83345 /* libRNFirebase.a */,
			);
			name = Products;
			sourceTree = "<group>";
		};
		44B36CD8F8CA453D8B7E5BE3 /* Libraries */ = {
			isa = PBXGroup;
			children = (
				FFA9F127E8704EF78DF471B5 /* RNFirebase.xcodeproj */,
			);
			name = Libraries;
			sourceTree = "<group>";
		};
		83CBB9F61A601CBA00E9B192 = {
			isa = PBXGroup;
			children = (
				13B07FAE1A68108700A75B9A /* Homeroom */,
				83CBBA001A601CBA00E9B192 /* Products */,
				18E154D4484B4959897B9A03 /* Resources */,
				90626B19E8DB09B8A47199FB /* Pods */,
				22960D9AAB0367F1DD9DE00E /* Frameworks */,
				430F06D71FA6EBA000710292 /* Recovered References */,
				44B36CD8F8CA453D8B7E5BE3 /* Libraries */,
			);
			indentWidth = 2;
			sourceTree = "<group>";
			tabWidth = 2;
			usesTabs = 0;
		};
		83CBBA001A601CBA00E9B192 /* Products */ = {
			isa = PBXGroup;
			children = (
				13B07F961A680F5B00A75B9A /* Homeroom.app */,
				00E356EE1AD99517003FC87E /* HomeroomTests.xctest */,
				2D02E47B1E0B4A5D006451C7 /* Homeroom-tvOS.app */,
				2D02E4901E0B4A5D006451C7 /* Homeroom-tvOSTests.xctest */,
			);
			name = Products;
			sourceTree = "<group>";
		};
		90626B19E8DB09B8A47199FB /* Pods */ = {
			isa = PBXGroup;
			children = (
				A30C174250858A76A7990949 /* Pods-Homeroom.debug.xcconfig */,
				DA0A7B161026AA49E498FFC7 /* Pods-Homeroom.release.xcconfig */,
			);
			name = Pods;
			sourceTree = "<group>";
		};
/* End PBXGroup section */

/* Begin PBXNativeTarget section */
		00E356ED1AD99517003FC87E /* HomeroomTests */ = {
			isa = PBXNativeTarget;
			buildConfigurationList = 00E357021AD99517003FC87E /* Build configuration list for PBXNativeTarget "HomeroomTests" */;
			buildPhases = (
				00E356EA1AD99517003FC87E /* Sources */,
				00E356EB1AD99517003FC87E /* Frameworks */,
				00E356EC1AD99517003FC87E /* Resources */,
			);
			buildRules = (
			);
			dependencies = (
				00E356F51AD99517003FC87E /* PBXTargetDependency */,
			);
			name = HomeroomTests;
			productName = HomeroomTests;
			productReference = 00E356EE1AD99517003FC87E /* HomeroomTests.xctest */;
			productType = "com.apple.product-type.bundle.unit-test";
		};
		13B07F861A680F5B00A75B9A /* Homeroom */ = {
			isa = PBXNativeTarget;
			buildConfigurationList = 13B07F931A680F5B00A75B9A /* Build configuration list for PBXNativeTarget "Homeroom" */;
			buildPhases = (
				418B88B09724771D980E178B /* [CP] Check Pods Manifest.lock */,
				13B07F871A680F5B00A75B9A /* Sources */,
				13B07F8C1A680F5B00A75B9A /* Frameworks */,
				13B07F8E1A680F5B00A75B9A /* Resources */,
				00DD1BFF1BD5951E006B06BC /* Bundle React Native code and images */,
				94CAC1A9F3842DAFDF5C9D42 /* [CP] Embed Pods Frameworks */,
				9D55AF90F82893306AAC6FC0 /* [CP] Copy Pods Resources */,
				43F9F742200E875C000CBAA0 /* ShellScript */,
			);
			buildRules = (
			);
			dependencies = (
			);
			name = Homeroom;
			productName = "Hello World";
			productReference = 13B07F961A680F5B00A75B9A /* Homeroom.app */;
			productType = "com.apple.product-type.application";
		};
		2D02E47A1E0B4A5D006451C7 /* Homeroom-tvOS */ = {
			isa = PBXNativeTarget;
			buildConfigurationList = 2D02E4BA1E0B4A5E006451C7 /* Build configuration list for PBXNativeTarget "Homeroom-tvOS" */;
			buildPhases = (
				2D02E4771E0B4A5D006451C7 /* Sources */,
				2D02E4781E0B4A5D006451C7 /* Frameworks */,
				2D02E4791E0B4A5D006451C7 /* Resources */,
				2D02E4CB1E0B4B27006451C7 /* Bundle React Native Code And Images */,
			);
			buildRules = (
			);
			dependencies = (
			);
			name = "Homeroom-tvOS";
			productName = "Homeroom-tvOS";
			productReference = 2D02E47B1E0B4A5D006451C7 /* Homeroom-tvOS.app */;
			productType = "com.apple.product-type.application";
		};
		2D02E48F1E0B4A5D006451C7 /* Homeroom-tvOSTests */ = {
			isa = PBXNativeTarget;
			buildConfigurationList = 2D02E4BB1E0B4A5E006451C7 /* Build configuration list for PBXNativeTarget "Homeroom-tvOSTests" */;
			buildPhases = (
				2D02E48C1E0B4A5D006451C7 /* Sources */,
				2D02E48D1E0B4A5D006451C7 /* Frameworks */,
				2D02E48E1E0B4A5D006451C7 /* Resources */,
			);
			buildRules = (
			);
			dependencies = (
				2D02E4921E0B4A5D006451C7 /* PBXTargetDependency */,
			);
			name = "Homeroom-tvOSTests";
			productName = "Homeroom-tvOSTests";
			productReference = 2D02E4901E0B4A5D006451C7 /* Homeroom-tvOSTests.xctest */;
			productType = "com.apple.product-type.bundle.unit-test";
		};
/* End PBXNativeTarget section */

/* Begin PBXProject section */
		83CBB9F71A601CBA00E9B192 /* Project object */ = {
			isa = PBXProject;
			attributes = {
				LastUpgradeCheck = 920;
				ORGANIZATIONNAME = Facebook;
				TargetAttributes = {
					00E356ED1AD99517003FC87E = {
						CreatedOnToolsVersion = 6.2;
						TestTargetID = 13B07F861A680F5B00A75B9A;
					};
					13B07F861A680F5B00A75B9A = {
						DevelopmentTeam = 2EMG39XK63;
					};
					2D02E47A1E0B4A5D006451C7 = {
						CreatedOnToolsVersion = 8.2.1;
						ProvisioningStyle = Automatic;
					};
					2D02E48F1E0B4A5D006451C7 = {
						CreatedOnToolsVersion = 8.2.1;
						ProvisioningStyle = Automatic;
						TestTargetID = 2D02E47A1E0B4A5D006451C7;
					};
				};
			};
			buildConfigurationList = 83CBB9FA1A601CBA00E9B192 /* Build configuration list for PBXProject "Homeroom" */;
			compatibilityVersion = "Xcode 3.2";
			developmentRegion = English;
			hasScannedForEncodings = 0;
			knownRegions = (
				en,
				Base,
			);
			mainGroup = 83CBB9F61A601CBA00E9B192;
			productRefGroup = 83CBBA001A601CBA00E9B192 /* Products */;
			projectDirPath = "";
			projectReferences = (
				{
					ProductGroup = 43F6091C2015DDFD00B83345 /* Products */;
					ProjectRef = FFA9F127E8704EF78DF471B5 /* RNFirebase.xcodeproj */;
				},
			);
			projectRoot = "";
			targets = (
				13B07F861A680F5B00A75B9A /* Homeroom */,
				00E356ED1AD99517003FC87E /* HomeroomTests */,
				2D02E47A1E0B4A5D006451C7 /* Homeroom-tvOS */,
				2D02E48F1E0B4A5D006451C7 /* Homeroom-tvOSTests */,
			);
		};
/* End PBXProject section */

/* Begin PBXReferenceProxy section */
		43F609202015DDFD00B83345 /* libRNFirebase.a */ = {
			isa = PBXReferenceProxy;
			fileType = archive.ar;
			path = libRNFirebase.a;
			remoteRef = 43F6091F2015DDFD00B83345 /* PBXContainerItemProxy */;
			sourceTree = BUILT_PRODUCTS_DIR;
		};
/* End PBXReferenceProxy section */

/* Begin PBXResourcesBuildPhase section */
		00E356EC1AD99517003FC87E /* Resources */ = {
			isa = PBXResourcesBuildPhase;
			buildActionMask = 2147483647;
			files = (
				430F06FA1FA6EBC600710292 /* GoogleService-Info.plist in Resources */,
			);
			runOnlyForDeploymentPostprocessing = 0;
		};
		13B07F8E1A680F5B00A75B9A /* Resources */ = {
			isa = PBXResourcesBuildPhase;
			buildActionMask = 2147483647;
			files = (
				430F06F91FA6EBC600710292 /* GoogleService-Info.plist in Resources */,
				43E182441FB6D2A000A1C013 /* Feather.ttf in Resources */,
				13B07FBF1A68108700A75B9A /* Images.xcassets in Resources */,
				CD2403338FFB4F208D40DC2E /* Entypo.ttf in Resources */,
				EE56ECC1F83B4BCAA9112C38 /* EvilIcons.ttf in Resources */,
				B6C9AC9D07D84D5C999A6866 /* FontAwesome.ttf in Resources */,
				997D0493EBC24ED587811EB9 /* Foundation.ttf in Resources */,
				72D164879B7F4A0B982EBC61 /* Ionicons.ttf in Resources */,
				ED58401F9436499E8EA2510E /* MaterialCommunityIcons.ttf in Resources */,
				B9B9E66EB1A042BCBA5A021D /* MaterialIcons.ttf in Resources */,
				7159D827E19841EB98D38E7C /* Octicons.ttf in Resources */,
				E0192B6DFF7A4993BE8F2D36 /* SimpleLineIcons.ttf in Resources */,
				956460A7790E4D4E81B66953 /* Zocial.ttf in Resources */,
				65D1CEEC40FD4FD19F47D0F5 /* Feather.ttf in Resources */,
				D901FEB19C4746AFAF1A6620 /* JosefinSlab-Bold.ttf in Resources */,
				729473E95FD9488C97270117 /* JosefinSlab-BoldItalic.ttf in Resources */,
				F7B659BB26F24179A2E4A88F /* JosefinSlab-Italic.ttf in Resources */,
				EBFD4F2DCED8443793F21906 /* JosefinSlab-Light.ttf in Resources */,
				84937D2EB1444DF0A9E0AA2C /* JosefinSlab-LightItalic.ttf in Resources */,
				4C89842251F2477991F6F7E1 /* JosefinSlab-Regular.ttf in Resources */,
				9D4DA3FA2E4C4695ADD70844 /* JosefinSlab-SemiBold.ttf in Resources */,
				8E907611783742AD9D2A977E /* JosefinSlab-SemiBoldItalic.ttf in Resources */,
				51281FD7D20D4BFF986B5732 /* JosefinSlab-Thin.ttf in Resources */,
				946373EF94364337B6481FC1 /* JosefinSlab-ThinItalic.ttf in Resources */,
				B53A9BB7590F44A29FCC4797 /* Nunito-Black.ttf in Resources */,
				01E78A1A19284EA7BD0DEF08 /* Nunito-BlackItalic.ttf in Resources */,
				583BB595DF08463B99849744 /* Nunito-Bold.ttf in Resources */,
				90C6CFC7F9EB43B684D7955E /* Nunito-BoldItalic.ttf in Resources */,
				6BED61BD527A419CB519DA60 /* Nunito-ExtraBold.ttf in Resources */,
				B9ED52DEB755405782FE4A33 /* Nunito-ExtraBoldItalic.ttf in Resources */,
				49D8332F589A4902AE8FBB47 /* Nunito-ExtraLight.ttf in Resources */,
				D19D2DE9585B4FFA99D91095 /* Nunito-ExtraLightItalic.ttf in Resources */,
				9D951FA2A17240E382E15850 /* Nunito-Italic.ttf in Resources */,
				43F8F07A200D521700367720 /* LaunchScreen.storyboard in Resources */,
				22D182C260584D389CBC95F5 /* Nunito-Light.ttf in Resources */,
				870FE9E75E4940188C637A4F /* Nunito-LightItalic.ttf in Resources */,
				D19A86A8E88C408C92D11410 /* Nunito-Regular.ttf in Resources */,
				2B9A3F318476487B960EA2A7 /* Nunito-SemiBold.ttf in Resources */,
				F4D82E8115AE4BA2A703D220 /* Nunito-SemiBoldItalic.ttf in Resources */,
			);
			runOnlyForDeploymentPostprocessing = 0;
		};
		2D02E4791E0B4A5D006451C7 /* Resources */ = {
			isa = PBXResourcesBuildPhase;
			buildActionMask = 2147483647;
			files = (
				2D02E4BD1E0B4A84006451C7 /* Images.xcassets in Resources */,
			);
			runOnlyForDeploymentPostprocessing = 0;
		};
		2D02E48E1E0B4A5D006451C7 /* Resources */ = {
			isa = PBXResourcesBuildPhase;
			buildActionMask = 2147483647;
			files = (
			);
			runOnlyForDeploymentPostprocessing = 0;
		};
/* End PBXResourcesBuildPhase section */

/* Begin PBXShellScriptBuildPhase section */
		00DD1BFF1BD5951E006B06BC /* Bundle React Native code and images */ = {
			isa = PBXShellScriptBuildPhase;
			buildActionMask = 2147483647;
			files = (
			);
			inputPaths = (
			);
			name = "Bundle React Native code and images";
			outputPaths = (
			);
			runOnlyForDeploymentPostprocessing = 0;
			shellPath = /bin/sh;
			shellScript = "export NODE_BINARY=node\n../node_modules/react-native/scripts/react-native-xcode.sh";
		};
		2D02E4CB1E0B4B27006451C7 /* Bundle React Native Code And Images */ = {
			isa = PBXShellScriptBuildPhase;
			buildActionMask = 2147483647;
			files = (
			);
			inputPaths = (
			);
			name = "Bundle React Native Code And Images";
			outputPaths = (
			);
			runOnlyForDeploymentPostprocessing = 0;
			shellPath = /bin/sh;
			shellScript = "export NODE_BINARY=node\n../node_modules/react-native/scripts/react-native-xcode.sh";
		};
		418B88B09724771D980E178B /* [CP] Check Pods Manifest.lock */ = {
			isa = PBXShellScriptBuildPhase;
			buildActionMask = 2147483647;
			files = (
			);
			inputPaths = (
				"${PODS_PODFILE_DIR_PATH}/Podfile.lock",
				"${PODS_ROOT}/Manifest.lock",
			);
			name = "[CP] Check Pods Manifest.lock";
			outputPaths = (
				"$(DERIVED_FILE_DIR)/Pods-Homeroom-checkManifestLockResult.txt",
			);
			runOnlyForDeploymentPostprocessing = 0;
			shellPath = /bin/sh;
			shellScript = "diff \"${PODS_PODFILE_DIR_PATH}/Podfile.lock\" \"${PODS_ROOT}/Manifest.lock\" > /dev/null\nif [ $? != 0 ] ; then\n    # print error to STDERR\n    echo \"error: The sandbox is not in sync with the Podfile.lock. Run 'pod install' or update your CocoaPods installation.\" >&2\n    exit 1\nfi\n# This output is used by Xcode 'outputs' to avoid re-running this script phase.\necho \"SUCCESS\" > \"${SCRIPT_OUTPUT_FILE_0}\"\n";
			showEnvVarsInLog = 0;
		};
		43F9F742200E875C000CBAA0 /* ShellScript */ = {
			isa = PBXShellScriptBuildPhase;
			buildActionMask = 2147483647;
			files = (
			);
			inputPaths = (
			);
			outputPaths = (
			);
			runOnlyForDeploymentPostprocessing = 0;
			shellPath = /bin/sh;
			shellScript = "\"${PODS_ROOT}/Fabric/run\"";
		};
		94CAC1A9F3842DAFDF5C9D42 /* [CP] Embed Pods Frameworks */ = {
			isa = PBXShellScriptBuildPhase;
			buildActionMask = 2147483647;
			files = (
			);
			inputPaths = (
			);
			name = "[CP] Embed Pods Frameworks";
			outputPaths = (
			);
			runOnlyForDeploymentPostprocessing = 0;
			shellPath = /bin/sh;
			shellScript = "\"${SRCROOT}/Pods/Target Support Files/Pods-Homeroom/Pods-Homeroom-frameworks.sh\"\n";
			showEnvVarsInLog = 0;
		};
		9D55AF90F82893306AAC6FC0 /* [CP] Copy Pods Resources */ = {
			isa = PBXShellScriptBuildPhase;
			buildActionMask = 2147483647;
			files = (
			);
			inputPaths = (
				"${SRCROOT}/Pods/Target Support Files/Pods-Homeroom/Pods-Homeroom-resources.sh",
				"${PODS_ROOT}/../../node_modules/react-native-vector-icons/Fonts/Entypo.ttf",
				"${PODS_ROOT}/../../node_modules/react-native-vector-icons/Fonts/EvilIcons.ttf",
				"${PODS_ROOT}/../../node_modules/react-native-vector-icons/Fonts/Feather.ttf",
				"${PODS_ROOT}/../../node_modules/react-native-vector-icons/Fonts/FontAwesome.ttf",
				"${PODS_ROOT}/../../node_modules/react-native-vector-icons/Fonts/Foundation.ttf",
				"${PODS_ROOT}/../../node_modules/react-native-vector-icons/Fonts/Ionicons.ttf",
				"${PODS_ROOT}/../../node_modules/react-native-vector-icons/Fonts/MaterialCommunityIcons.ttf",
				"${PODS_ROOT}/../../node_modules/react-native-vector-icons/Fonts/MaterialIcons.ttf",
				"${PODS_ROOT}/../../node_modules/react-native-vector-icons/Fonts/Octicons.ttf",
				"${PODS_ROOT}/../../node_modules/react-native-vector-icons/Fonts/SimpleLineIcons.ttf",
				"${PODS_ROOT}/../../node_modules/react-native-vector-icons/Fonts/Zocial.ttf",
			);
			name = "[CP] Copy Pods Resources";
			outputPaths = (
				"${TARGET_BUILD_DIR}/${UNLOCALIZED_RESOURCES_FOLDER_PATH}",
			);
			runOnlyForDeploymentPostprocessing = 0;
			shellPath = /bin/sh;
			shellScript = "\"${SRCROOT}/Pods/Target Support Files/Pods-Homeroom/Pods-Homeroom-resources.sh\"\n";
			showEnvVarsInLog = 0;
		};
/* End PBXShellScriptBuildPhase section */

/* Begin PBXSourcesBuildPhase section */
		00E356EA1AD99517003FC87E /* Sources */ = {
			isa = PBXSourcesBuildPhase;
			buildActionMask = 2147483647;
			files = (
			);
			runOnlyForDeploymentPostprocessing = 0;
		};
		13B07F871A680F5B00A75B9A /* Sources */ = {
			isa = PBXSourcesBuildPhase;
			buildActionMask = 2147483647;
			files = (
				13B07FBC1A68108700A75B9A /* AppDelegate.m in Sources */,
				13B07FC11A68108700A75B9A /* main.m in Sources */,
			);
			runOnlyForDeploymentPostprocessing = 0;
		};
		2D02E4771E0B4A5D006451C7 /* Sources */ = {
			isa = PBXSourcesBuildPhase;
			buildActionMask = 2147483647;
			files = (
				2D02E4BF1E0B4AB3006451C7 /* main.m in Sources */,
				2D02E4BC1E0B4A80006451C7 /* AppDelegate.m in Sources */,
			);
			runOnlyForDeploymentPostprocessing = 0;
		};
		2D02E48C1E0B4A5D006451C7 /* Sources */ = {
			isa = PBXSourcesBuildPhase;
			buildActionMask = 2147483647;
			files = (
			);
			runOnlyForDeploymentPostprocessing = 0;
		};
/* End PBXSourcesBuildPhase section */

/* Begin PBXTargetDependency section */
		00E356F51AD99517003FC87E /* PBXTargetDependency */ = {
			isa = PBXTargetDependency;
			target = 13B07F861A680F5B00A75B9A /* Homeroom */;
			targetProxy = 00E356F41AD99517003FC87E /* PBXContainerItemProxy */;
		};
		2D02E4921E0B4A5D006451C7 /* PBXTargetDependency */ = {
			isa = PBXTargetDependency;
			target = 2D02E47A1E0B4A5D006451C7 /* Homeroom-tvOS */;
			targetProxy = 2D02E4911E0B4A5D006451C7 /* PBXContainerItemProxy */;
		};
/* End PBXTargetDependency section */

/* Begin XCBuildConfiguration section */
		00E356F61AD99517003FC87E /* Debug */ = {
			isa = XCBuildConfiguration;
			buildSettings = {
				BUNDLE_LOADER = "$(TEST_HOST)";
				GCC_PREPROCESSOR_DEFINITIONS = (
					"DEBUG=1",
					"$(inherited)",
				);
				HEADER_SEARCH_PATHS = (
					"$(inherited)",
					"$(SRCROOT)/../node_modules/react-native-vector-icons/RNVectorIconsManager",
					"$(SRCROOT)/../node_modules/react-native-firebase/ios/RNFirebase/**",
					"$(SRCROOT)/../node_modules/react-native-mail/RNMail",
					"$(SRCROOT)/../node_modules/react-native-code-push/ios/CodePush/**",
					"$(SRCROOT)/../node_modules/react-native-firebase/ios/RNFirebase/**",
				);
				INFOPLIST_FILE = HomeroomTests/Info.plist;
				IPHONEOS_DEPLOYMENT_TARGET = 8.0;
				LD_RUNPATH_SEARCH_PATHS = "$(inherited) @executable_path/Frameworks @loader_path/Frameworks";
				LIBRARY_SEARCH_PATHS = "$(inherited)";
				OTHER_LDFLAGS = (
					"-ObjC",
					"-lc++",
				);
				PRODUCT_BUNDLE_IDENTIFIER = "org.reactjs.native.example.$(PRODUCT_NAME:rfc1034identifier)";
				PRODUCT_NAME = "$(TARGET_NAME)";
				TEST_HOST = "$(BUILT_PRODUCTS_DIR)/Homeroom.app/Homeroom";
			};
			name = Debug;
		};
		00E356F71AD99517003FC87E /* Release */ = {
			isa = XCBuildConfiguration;
			buildSettings = {
				BUNDLE_LOADER = "$(TEST_HOST)";
				COPY_PHASE_STRIP = NO;
				HEADER_SEARCH_PATHS = (
					"$(inherited)",
					"$(SRCROOT)/../node_modules/react-native-vector-icons/RNVectorIconsManager",
					"$(SRCROOT)/../node_modules/react-native-firebase/ios/RNFirebase/**",
					"$(SRCROOT)/../node_modules/react-native-mail/RNMail",
					"$(SRCROOT)/../node_modules/react-native-code-push/ios/CodePush/**",
					"$(SRCROOT)/../node_modules/react-native-firebase/ios/RNFirebase/**",
				);
				INFOPLIST_FILE = HomeroomTests/Info.plist;
				IPHONEOS_DEPLOYMENT_TARGET = 8.0;
				LD_RUNPATH_SEARCH_PATHS = "$(inherited) @executable_path/Frameworks @loader_path/Frameworks";
				LIBRARY_SEARCH_PATHS = "$(inherited)";
				OTHER_LDFLAGS = (
					"-ObjC",
					"-lc++",
				);
				PRODUCT_BUNDLE_IDENTIFIER = "org.reactjs.native.example.$(PRODUCT_NAME:rfc1034identifier)";
				PRODUCT_NAME = "$(TARGET_NAME)";
				TEST_HOST = "$(BUILT_PRODUCTS_DIR)/Homeroom.app/Homeroom";
			};
			name = Release;
		};
		13B07F941A680F5B00A75B9A /* Debug */ = {
			isa = XCBuildConfiguration;
			baseConfigurationReference = A30C174250858A76A7990949 /* Pods-Homeroom.debug.xcconfig */;
			buildSettings = {
				ASSETCATALOG_COMPILER_APPICON_NAME = AppIcon;
				CURRENT_PROJECT_VERSION = 1;
				DEAD_CODE_STRIPPING = NO;
				DEVELOPMENT_TEAM = 2EMG39XK63;
				HEADER_SEARCH_PATHS = (
					"$(inherited)",
					"$(SRCROOT)/../node_modules/react-native-vector-icons/RNVectorIconsManager",
					"$(SRCROOT)/../node_modules/react-native-firebase/ios/RNFirebase/**",
					"$(SRCROOT)/../node_modules/react-native-mail/RNMail",
					"$(SRCROOT)/../node_modules/react-native-code-push/ios/CodePush/**",
					"$(SRCROOT)/../node_modules/react-native-firebase/ios/RNFirebase/**",
				);
				INFOPLIST_FILE = Homeroom/Info.plist;
				LD_RUNPATH_SEARCH_PATHS = "$(inherited) @executable_path/Frameworks";
				OTHER_LDFLAGS = (
					"$(inherited)",
					"-ObjC",
					"-lc++",
				);
				PRODUCT_BUNDLE_IDENTIFIER = com.nbdeg.homeroom;
				PRODUCT_NAME = Homeroom;
				VERSIONING_SYSTEM = "apple-generic";
			};
			name = Debug;
		};
		13B07F951A680F5B00A75B9A /* Release */ = {
			isa = XCBuildConfiguration;
			baseConfigurationReference = DA0A7B161026AA49E498FFC7 /* Pods-Homeroom.release.xcconfig */;
			buildSettings = {
				ASSETCATALOG_COMPILER_APPICON_NAME = AppIcon;
				CURRENT_PROJECT_VERSION = 1;
				DEVELOPMENT_TEAM = 2EMG39XK63;
				HEADER_SEARCH_PATHS = (
					"$(inherited)",
					"$(SRCROOT)/../node_modules/react-native-vector-icons/RNVectorIconsManager",
					"$(SRCROOT)/../node_modules/react-native-firebase/ios/RNFirebase/**",
					"$(SRCROOT)/../node_modules/react-native-mail/RNMail",
					"$(SRCROOT)/../node_modules/react-native-code-push/ios/CodePush/**",
					"$(SRCROOT)/../node_modules/react-native-firebase/ios/RNFirebase/**",
				);
				INFOPLIST_FILE = Homeroom/Info.plist;
				LD_RUNPATH_SEARCH_PATHS = "$(inherited) @executable_path/Frameworks";
				OTHER_LDFLAGS = (
					"$(inherited)",
					"-ObjC",
					"-lc++",
				);
				PRODUCT_BUNDLE_IDENTIFIER = com.nbdeg.homeroom;
				PRODUCT_NAME = Homeroom;
				VERSIONING_SYSTEM = "apple-generic";
			};
			name = Release;
		};
		2D02E4971E0B4A5E006451C7 /* Debug */ = {
			isa = XCBuildConfiguration;
			buildSettings = {
				ASSETCATALOG_COMPILER_APPICON_NAME = "App Icon & Top Shelf Image";
				ASSETCATALOG_COMPILER_LAUNCHIMAGE_NAME = LaunchImage;
				CLANG_ANALYZER_NONNULL = YES;
				CLANG_WARN_DOCUMENTATION_COMMENTS = YES;
				CLANG_WARN_INFINITE_RECURSION = YES;
				CLANG_WARN_SUSPICIOUS_MOVE = YES;
				DEBUG_INFORMATION_FORMAT = dwarf;
				ENABLE_TESTABILITY = YES;
				GCC_NO_COMMON_BLOCKS = YES;
				HEADER_SEARCH_PATHS = (
					"$(inherited)",
					"$(SRCROOT)/../node_modules/react-native-vector-icons/RNVectorIconsManager",
					"$(SRCROOT)/../node_modules/react-native-firebase/ios/RNFirebase/**",
					"$(SRCROOT)/../node_modules/react-native-mail/RNMail",
					"$(SRCROOT)/../node_modules/react-native-code-push/ios/CodePush/**",
					"$(SRCROOT)/../node_modules/react-native-firebase/ios/RNFirebase/**",
				);
				INFOPLIST_FILE = "Homeroom-tvOS/Info.plist";
				LD_RUNPATH_SEARCH_PATHS = "$(inherited) @executable_path/Frameworks";
				LIBRARY_SEARCH_PATHS = "$(inherited)";
				OTHER_LDFLAGS = (
					"-ObjC",
					"-lc++",
				);
				PRODUCT_BUNDLE_IDENTIFIER = "com.facebook.REACT.Homeroom-tvOS";
				PRODUCT_NAME = "$(TARGET_NAME)";
				SDKROOT = appletvos;
				TARGETED_DEVICE_FAMILY = 3;
				TVOS_DEPLOYMENT_TARGET = 9.2;
			};
			name = Debug;
		};
		2D02E4981E0B4A5E006451C7 /* Release */ = {
			isa = XCBuildConfiguration;
			buildSettings = {
				ASSETCATALOG_COMPILER_APPICON_NAME = "App Icon & Top Shelf Image";
				ASSETCATALOG_COMPILER_LAUNCHIMAGE_NAME = LaunchImage;
				CLANG_ANALYZER_NONNULL = YES;
				CLANG_WARN_DOCUMENTATION_COMMENTS = YES;
				CLANG_WARN_INFINITE_RECURSION = YES;
				CLANG_WARN_SUSPICIOUS_MOVE = YES;
				COPY_PHASE_STRIP = NO;
				DEBUG_INFORMATION_FORMAT = "dwarf-with-dsym";
				GCC_NO_COMMON_BLOCKS = YES;
				HEADER_SEARCH_PATHS = (
					"$(inherited)",
					"$(SRCROOT)/../node_modules/react-native-vector-icons/RNVectorIconsManager",
					"$(SRCROOT)/../node_modules/react-native-firebase/ios/RNFirebase/**",
					"$(SRCROOT)/../node_modules/react-native-mail/RNMail",
					"$(SRCROOT)/../node_modules/react-native-code-push/ios/CodePush/**",
					"$(SRCROOT)/../node_modules/react-native-firebase/ios/RNFirebase/**",
				);
				INFOPLIST_FILE = "Homeroom-tvOS/Info.plist";
				LD_RUNPATH_SEARCH_PATHS = "$(inherited) @executable_path/Frameworks";
				LIBRARY_SEARCH_PATHS = "$(inherited)";
				OTHER_LDFLAGS = (
					"-ObjC",
					"-lc++",
				);
				PRODUCT_BUNDLE_IDENTIFIER = "com.facebook.REACT.Homeroom-tvOS";
				PRODUCT_NAME = "$(TARGET_NAME)";
				SDKROOT = appletvos;
				TARGETED_DEVICE_FAMILY = 3;
				TVOS_DEPLOYMENT_TARGET = 9.2;
			};
			name = Release;
		};
		2D02E4991E0B4A5E006451C7 /* Debug */ = {
			isa = XCBuildConfiguration;
			buildSettings = {
				BUNDLE_LOADER = "$(TEST_HOST)";
				CLANG_ANALYZER_NONNULL = YES;
				CLANG_WARN_DOCUMENTATION_COMMENTS = YES;
				CLANG_WARN_INFINITE_RECURSION = YES;
				CLANG_WARN_SUSPICIOUS_MOVE = YES;
				DEBUG_INFORMATION_FORMAT = dwarf;
				ENABLE_TESTABILITY = YES;
				GCC_NO_COMMON_BLOCKS = YES;
				INFOPLIST_FILE = "Homeroom-tvOSTests/Info.plist";
				LD_RUNPATH_SEARCH_PATHS = "$(inherited) @executable_path/Frameworks @loader_path/Frameworks";
				LIBRARY_SEARCH_PATHS = "$(inherited)";
				PRODUCT_BUNDLE_IDENTIFIER = "com.facebook.REACT.Homeroom-tvOSTests";
				PRODUCT_NAME = "$(TARGET_NAME)";
				SDKROOT = appletvos;
				TEST_HOST = "$(BUILT_PRODUCTS_DIR)/Homeroom-tvOS.app/Homeroom-tvOS";
				TVOS_DEPLOYMENT_TARGET = 10.1;
			};
			name = Debug;
		};
		2D02E49A1E0B4A5E006451C7 /* Release */ = {
			isa = XCBuildConfiguration;
			buildSettings = {
				BUNDLE_LOADER = "$(TEST_HOST)";
				CLANG_ANALYZER_NONNULL = YES;
				CLANG_WARN_DOCUMENTATION_COMMENTS = YES;
				CLANG_WARN_INFINITE_RECURSION = YES;
				CLANG_WARN_SUSPICIOUS_MOVE = YES;
				COPY_PHASE_STRIP = NO;
				DEBUG_INFORMATION_FORMAT = "dwarf-with-dsym";
				GCC_NO_COMMON_BLOCKS = YES;
				INFOPLIST_FILE = "Homeroom-tvOSTests/Info.plist";
				LD_RUNPATH_SEARCH_PATHS = "$(inherited) @executable_path/Frameworks @loader_path/Frameworks";
				LIBRARY_SEARCH_PATHS = "$(inherited)";
				PRODUCT_BUNDLE_IDENTIFIER = "com.facebook.REACT.Homeroom-tvOSTests";
				PRODUCT_NAME = "$(TARGET_NAME)";
				SDKROOT = appletvos;
				TEST_HOST = "$(BUILT_PRODUCTS_DIR)/Homeroom-tvOS.app/Homeroom-tvOS";
				TVOS_DEPLOYMENT_TARGET = 10.1;
			};
			name = Release;
		};
		83CBBA201A601CBA00E9B192 /* Debug */ = {
			isa = XCBuildConfiguration;
			buildSettings = {
				ALWAYS_SEARCH_USER_PATHS = NO;
				CLANG_CXX_LANGUAGE_STANDARD = "gnu++0x";
				CLANG_CXX_LIBRARY = "libc++";
				CLANG_ENABLE_MODULES = YES;
				CLANG_ENABLE_OBJC_ARC = YES;
				CLANG_WARN_BLOCK_CAPTURE_AUTORELEASING = YES;
				CLANG_WARN_BOOL_CONVERSION = YES;
				CLANG_WARN_COMMA = YES;
				CLANG_WARN_CONSTANT_CONVERSION = YES;
				CLANG_WARN_DIRECT_OBJC_ISA_USAGE = YES_ERROR;
				CLANG_WARN_EMPTY_BODY = YES;
				CLANG_WARN_ENUM_CONVERSION = YES;
				CLANG_WARN_INFINITE_RECURSION = YES;
				CLANG_WARN_INT_CONVERSION = YES;
				CLANG_WARN_NON_LITERAL_NULL_CONVERSION = YES;
				CLANG_WARN_OBJC_LITERAL_CONVERSION = YES;
				CLANG_WARN_OBJC_ROOT_CLASS = YES_ERROR;
				CLANG_WARN_RANGE_LOOP_ANALYSIS = YES;
				CLANG_WARN_STRICT_PROTOTYPES = YES;
				CLANG_WARN_SUSPICIOUS_MOVE = YES;
				CLANG_WARN_UNREACHABLE_CODE = YES;
				CLANG_WARN__DUPLICATE_METHOD_MATCH = YES;
				"CODE_SIGN_IDENTITY[sdk=iphoneos*]" = "iPhone Developer";
				COPY_PHASE_STRIP = NO;
				ENABLE_STRICT_OBJC_MSGSEND = YES;
				ENABLE_TESTABILITY = YES;
				GCC_C_LANGUAGE_STANDARD = gnu99;
				GCC_DYNAMIC_NO_PIC = NO;
				GCC_NO_COMMON_BLOCKS = YES;
				GCC_OPTIMIZATION_LEVEL = 0;
				GCC_PREPROCESSOR_DEFINITIONS = (
					"DEBUG=1",
					"$(inherited)",
				);
				GCC_SYMBOLS_PRIVATE_EXTERN = NO;
				GCC_WARN_64_TO_32_BIT_CONVERSION = YES;
				GCC_WARN_ABOUT_RETURN_TYPE = YES_ERROR;
				GCC_WARN_UNDECLARED_SELECTOR = YES;
				GCC_WARN_UNINITIALIZED_AUTOS = YES_AGGRESSIVE;
				GCC_WARN_UNUSED_FUNCTION = YES;
				GCC_WARN_UNUSED_VARIABLE = YES;
				IPHONEOS_DEPLOYMENT_TARGET = 8.0;
				MTL_ENABLE_DEBUG_INFO = YES;
				ONLY_ACTIVE_ARCH = YES;
				SDKROOT = iphoneos;
			};
			name = Debug;
		};
		83CBBA211A601CBA00E9B192 /* Release */ = {
			isa = XCBuildConfiguration;
			buildSettings = {
				ALWAYS_SEARCH_USER_PATHS = NO;
				CLANG_CXX_LANGUAGE_STANDARD = "gnu++0x";
				CLANG_CXX_LIBRARY = "libc++";
				CLANG_ENABLE_MODULES = YES;
				CLANG_ENABLE_OBJC_ARC = YES;
				CLANG_WARN_BLOCK_CAPTURE_AUTORELEASING = YES;
				CLANG_WARN_BOOL_CONVERSION = YES;
				CLANG_WARN_COMMA = YES;
				CLANG_WARN_CONSTANT_CONVERSION = YES;
				CLANG_WARN_DIRECT_OBJC_ISA_USAGE = YES_ERROR;
				CLANG_WARN_EMPTY_BODY = YES;
				CLANG_WARN_ENUM_CONVERSION = YES;
				CLANG_WARN_INFINITE_RECURSION = YES;
				CLANG_WARN_INT_CONVERSION = YES;
				CLANG_WARN_NON_LITERAL_NULL_CONVERSION = YES;
				CLANG_WARN_OBJC_LITERAL_CONVERSION = YES;
				CLANG_WARN_OBJC_ROOT_CLASS = YES_ERROR;
				CLANG_WARN_RANGE_LOOP_ANALYSIS = YES;
				CLANG_WARN_STRICT_PROTOTYPES = YES;
				CLANG_WARN_SUSPICIOUS_MOVE = YES;
				CLANG_WARN_UNREACHABLE_CODE = YES;
				CLANG_WARN__DUPLICATE_METHOD_MATCH = YES;
				"CODE_SIGN_IDENTITY[sdk=iphoneos*]" = "iPhone Developer";
				COPY_PHASE_STRIP = YES;
				ENABLE_NS_ASSERTIONS = NO;
				ENABLE_STRICT_OBJC_MSGSEND = YES;
				GCC_C_LANGUAGE_STANDARD = gnu99;
				GCC_NO_COMMON_BLOCKS = YES;
				GCC_WARN_64_TO_32_BIT_CONVERSION = YES;
				GCC_WARN_ABOUT_RETURN_TYPE = YES_ERROR;
				GCC_WARN_UNDECLARED_SELECTOR = YES;
				GCC_WARN_UNINITIALIZED_AUTOS = YES_AGGRESSIVE;
				GCC_WARN_UNUSED_FUNCTION = YES;
				GCC_WARN_UNUSED_VARIABLE = YES;
				IPHONEOS_DEPLOYMENT_TARGET = 8.0;
				MTL_ENABLE_DEBUG_INFO = NO;
				SDKROOT = iphoneos;
				VALIDATE_PRODUCT = YES;
			};
			name = Release;
		};
/* End XCBuildConfiguration section */

/* Begin XCConfigurationList section */
		00E357021AD99517003FC87E /* Build configuration list for PBXNativeTarget "HomeroomTests" */ = {
			isa = XCConfigurationList;
			buildConfigurations = (
				00E356F61AD99517003FC87E /* Debug */,
				00E356F71AD99517003FC87E /* Release */,
			);
			defaultConfigurationIsVisible = 0;
			defaultConfigurationName = Release;
		};
		13B07F931A680F5B00A75B9A /* Build configuration list for PBXNativeTarget "Homeroom" */ = {
			isa = XCConfigurationList;
			buildConfigurations = (
				13B07F941A680F5B00A75B9A /* Debug */,
				13B07F951A680F5B00A75B9A /* Release */,
			);
			defaultConfigurationIsVisible = 0;
			defaultConfigurationName = Release;
		};
		2D02E4BA1E0B4A5E006451C7 /* Build configuration list for PBXNativeTarget "Homeroom-tvOS" */ = {
			isa = XCConfigurationList;
			buildConfigurations = (
				2D02E4971E0B4A5E006451C7 /* Debug */,
				2D02E4981E0B4A5E006451C7 /* Release */,
			);
			defaultConfigurationIsVisible = 0;
			defaultConfigurationName = Release;
		};
		2D02E4BB1E0B4A5E006451C7 /* Build configuration list for PBXNativeTarget "Homeroom-tvOSTests" */ = {
			isa = XCConfigurationList;
			buildConfigurations = (
				2D02E4991E0B4A5E006451C7 /* Debug */,
				2D02E49A1E0B4A5E006451C7 /* Release */,
			);
			defaultConfigurationIsVisible = 0;
			defaultConfigurationName = Release;
		};
		83CBB9FA1A601CBA00E9B192 /* Build configuration list for PBXProject "Homeroom" */ = {
			isa = XCConfigurationList;
			buildConfigurations = (
				83CBBA201A601CBA00E9B192 /* Debug */,
				83CBBA211A601CBA00E9B192 /* Release */,
			);
			defaultConfigurationIsVisible = 0;
			defaultConfigurationName = Release;
		};
/* End XCConfigurationList section */
	};
	rootObject = 83CBB9F71A601CBA00E9B192 /* Project object */;
}
